{
  "name": "@echopath-labs/forgerail",
  "version": "0.1.0-alpha.4",
  "lockfileVersion": 3,
  "requires": true,
  "packages": {
    "": {
      "name": "@echopath-labs/forgerail",
      "version": "0.1.0-alpha.4",
      "license": "Apache-2.0",
      "bin": {
        "forgerail": "scripts/forgerail.mjs"
      },
      "engines": {
        "node": ">=22"
      }
    }
  }
}
